PODS:
  - "!ProtoCompiler (3.7.0)":
    - Protobuf (~> 3.0)
  - "!ProtoCompiler-gRPCPlugin (1.20.0)":
    - "!ProtoCompiler (= 3.7.0)"
    - gRPC-ProtoRPC (= 1.20.0)
  - boost-for-react-native (1.63.0)
  - BoringSSL-GRPC (0.0.3):
    - BoringSSL-GRPC/Implementation (= 0.0.3)
    - BoringSSL-GRPC/Interface (= 0.0.3)
  - BoringSSL-GRPC/Implementation (0.0.3):
    - BoringSSL-GRPC/Interface (= 0.0.3)
  - BoringSSL-GRPC/Interface (0.0.3)
  - DoubleConversion (1.1.6)
  - Folly (2018.10.22.00):
    - boost-for-react-native
    - DoubleConversion
    - glog
  - glog (0.3.5)
  - gRPC (1.20.0):
    - gRPC-RxLibrary (= 1.20.0)
    - gRPC/Main (= 1.20.0)
  - gRPC-Core (1.20.0):
    - gRPC-Core/Implementation (= 1.20.0)
    - gRPC-Core/Interface (= 1.20.0)
  - gRPC-Core/Implementation (1.20.0):
    - BoringSSL-GRPC (= 0.0.3)
    - gRPC-Core/Interface (= 1.20.0)
    - nanopb (~> 0.3)
  - gRPC-Core/Interface (1.20.0)
  - gRPC-ProtoRPC (1.20.0):
    - gRPC-ProtoRPC/Main (= 1.20.0)
  - gRPC-ProtoRPC/Main (1.20.0):
    - gRPC (= 1.20.0)
    - gRPC-RxLibrary (= 1.20.0)
    - Protobuf (~> 3.0)
  - gRPC-RxLibrary (1.20.0)
  - gRPC/Main (1.20.0):
    - gRPC-Core (= 1.20.0)
    - gRPC-RxLibrary (= 1.20.0)
  - nanopb (0.3.901):
    - nanopb/decode (= 0.3.901)
    - nanopb/encode (= 0.3.901)
  - nanopb/decode (0.3.901)
  - nanopb/encode (0.3.901)
  - Protobuf (3.7.0)
  - react-native-grpc-glife (0.0.1):
    - "!ProtoCompiler-gRPCPlugin (~> 1.0)"
    - react-native-grpc-glife/Messages (= 0.0.1)
    - react-native-grpc-glife/Services (= 0.0.1)
  - react-native-grpc-glife/Messages (0.0.1):
    - "!ProtoCompiler-gRPCPlugin (~> 1.0)"
    - Protobuf
  - react-native-grpc-glife/Services (0.0.1):
    - "!ProtoCompiler-gRPCPlugin (~> 1.0)"
    - gRPC-ProtoRPC
    - react-native-grpc-glife/Messages
  - React/Core (0.59.5):
    - yoga (= 0.59.5.React)
  - React/CxxBridge (0.59.5):
    - Folly (= 2018.10.22.00)
    - React/Core
    - React/cxxreact
    - React/jsiexecutor
  - React/cxxreact (0.59.5):
    - boost-for-react-native (= 1.63.0)
    - DoubleConversion
    - Folly (= 2018.10.22.00)
    - glog
    - React/jsinspector
  - React/DevSupport (0.59.5):
    - React/Core
    - React/RCTWebSocket
  - React/fishhook (0.59.5)
  - React/jsi (0.59.5):
    - DoubleConversion
    - Folly (= 2018.10.22.00)
    - glog
  - React/jsiexecutor (0.59.5):
    - DoubleConversion
    - Folly (= 2018.10.22.00)
    - glog
    - React/cxxreact
    - React/jsi
  - React/jsinspector (0.59.5)
  - React/RCTAnimation (0.59.5):
    - React/Core
  - React/RCTBlob (0.59.5):
    - React/Core
  - React/RCTNetwork (0.59.5):
    - React/Core
  - React/RCTText (0.59.5):
    - React/Core
  - React/RCTWebSocket (0.59.5):
    - React/Core
    - React/fishhook
    - React/RCTBlob
  - yoga (0.59.5.React)

DEPENDENCIES:
  - DoubleConversion (from `../../node_modules/react-native/third-party-podspecs/DoubleConversion.podspec`)
  - Folly (from `../../node_modules/react-native/third-party-podspecs/Folly.podspec`)
  - glog (from `../../node_modules/react-native/third-party-podspecs/glog.podspec`)
  - react-native-grpc-glife (from `.`)
  - React/Core (from `../../node_modules/react-native`)
  - React/CxxBridge (from `../../node_modules/react-native`)
  - React/DevSupport (from `../../node_modules/react-native`)
  - React/RCTAnimation (from `../../node_modules/react-native`)
  - React/RCTNetwork (from `../../node_modules/react-native`)
  - React/RCTText (from `../../node_modules/react-native`)
  - React/RCTWebSocket (from `../../node_modules/react-native`)
  - yoga (from `../../node_modules/react-native/ReactCommon/yoga`)

SPEC REPOS:
  https://github.com/cocoapods/specs.git:
    - "!ProtoCompiler"
    - "!ProtoCompiler-gRPCPlugin"
    - boost-for-react-native
    - BoringSSL-GRPC
    - gRPC
    - gRPC-Core
    - gRPC-ProtoRPC
    - gRPC-RxLibrary
    - nanopb
    - Protobuf

EXTERNAL SOURCES:
  DoubleConversion:
    :podspec: "../../node_modules/react-native/third-party-podspecs/DoubleConversion.podspec"
  Folly:
    :podspec: "../../node_modules/react-native/third-party-podspecs/Folly.podspec"
  glog:
    :podspec: "../../node_modules/react-native/third-party-podspecs/glog.podspec"
  React:
    :path: "../../node_modules/react-native"
  react-native-grpc-glife:
    :path: "."
  yoga:
    :path: "../../node_modules/react-native/ReactCommon/yoga"

SPEC CHECKSUMS:
  "!ProtoCompiler": efc8ba4dceb16b48f6b366a08500871c8d3ff8d2
  "!ProtoCompiler-gRPCPlugin": 918f34ee4b87b18dca8d1b4ea2f7a178be8596d3
  boost-for-react-native: 39c7adb57c4e60d6c5479dd8623128eb5b3f0f2c
  BoringSSL-GRPC: db8764df3204ccea016e1c8dd15d9a9ad63ff318
  DoubleConversion: bb338842f62ab1d708ceb63ec3d999f0f3d98ecd
  Folly: de497beb10f102453a1afa9edbf8cf8a251890de
  glog: aefd1eb5dda2ab95ba0938556f34b98e2da3a60d
  gRPC: d175f32a1f0ff0eafc768e38e8c0b8a9fcbacc65
  gRPC-Core: b247504496d2bdf47e6a87690c0d48f8424b324a
  gRPC-ProtoRPC: d49c7074c6a5e5a9f18f9b5a1c6d94787334bcbe
  gRPC-RxLibrary: 3b5272bfdd136c3bc1383ffdfc210404b5d8400a
  nanopb: 2901f78ea1b7b4015c860c2fdd1ea2fee1a18d48
  Protobuf: 7a877b7f3e5964e3fce995e2eb323dbc6831bb5a
  React: 90adac468c7b72bf1fa6c64bf230650f851a8388
  react-native-grpc-glife: 341e2a383dd594042733b7bc69a3a01d9f165222
  yoga: 2e571f113e8cbeb0eb752aeebc86c1bfe7a8200c

PODFILE CHECKSUM: e4f32965f3a808e19321d17693a888a1109b7fa4

COCOAPODS: 1.6.1
